
Microsoft Visual Studio Solution File, Format Version 12.00
# Visual Studio Version 16
VisualStudioVersion = 16.0.30104.148
MinimumVisualStudioVersion = 10.0.40219.1
Project("{2150E333-8FDC-42A3-9474-1A3956D46DE8}") = "Middleware", "Middleware", "{7335EC5F-B57E-4765-9ED6-7B8610BA2FF0}"
EndProject
Project("{FAE04EC0-301F-11D3-BF4B-00C04F79EFBC}") = "Middleware.WebApi", "Middleware.WebApi\Middleware.WebApi.csproj", "{7982656B-7190-4300-A5D0-0198CDC601D9}"
EndProject
Project("{9A19103F-16F7-4668-BE54-9A1E7A4F7556}") = "Middleware.Core.WebApi", "Middleware.Core.WebApi\Middleware.Core.WebApi.csproj", "{0D728911-8A96-42E3-BC4A-42322CDCEF89}"
EndProject
Project("{9A19103F-16F7-4668-BE54-9A1E7A4F7556}") = "Middleware.Core.WebApi.Gateway", "Middleware.Core.WebApi.Gateway\Middleware.Core.WebApi.Gateway.csproj", "{60C85202-43F0-45EC-A905-E8F5CBE49907}"
EndProject
Project("{9A19103F-16F7-4668-BE54-9A1E7A4F7556}") = "Middleware.Core.WebApi.Auth", "Middleware.Core.WebApi.Auth\Middleware.Core.WebApi.Auth.csproj", "{8343DCAF-D864-41CB-8920-04D7E2448798}"
EndProject
Project("{2150E333-8FDC-42A3-9474-1A3956D46DE8}") = "Classlibrary", "Classlibrary", "{C0719322-096A-4C4E-BEB6-17177051A32A}"
EndProject
Project("{2150E333-8FDC-42A3-9474-1A3956D46DE8}") = "Database", "Database", "{E468E4E3-4871-40EB-A167-6CF2E51E87C2}"
EndProject
Project("{00D1A9C2-B5F0-4AF3-8072-F6C62B433612}") = "Database.Neutron", "Database.Neutron\Database.Neutron.sqlproj", "{6E906958-C5FB-457E-8B1C-A275F3C47B13}"
EndProject
Project("{9A19103F-16F7-4668-BE54-9A1E7A4F7556}") = "Classlibrary.Dao", "Classlibrary.Dao\Classlibrary.Dao.csproj", "{D4E3F0A6-41B6-4B1E-800D-927D1D27ECE7}"
EndProject
Project("{9A19103F-16F7-4668-BE54-9A1E7A4F7556}") = "Classlibrary.Dao.Test", "Classlibrary.Dao.Test\Classlibrary.Dao.Test.csproj", "{F858473C-A28E-4D9D-B7BE-007D3231CCB1}"
EndProject
Project("{2150E333-8FDC-42A3-9474-1A3956D46DE8}") = "Solution Items", "Solution Items", "{B439658E-F13B-4E60-8EF1-71AA52AE7480}"
	ProjectSection(SolutionItems) = preProject
		Readme.md = Readme.md
	EndProjectSection
EndProject
Project("{9A19103F-16F7-4668-BE54-9A1E7A4F7556}") = "Classlibrary.Crosscutting", "Classlibrary.Crosscutting\Classlibrary.Crosscutting.csproj", "{E3A6C6CB-A548-4D61-98A3-26F3F9BE9408}"
EndProject
Project("{9A19103F-16F7-4668-BE54-9A1E7A4F7556}") = "Classlibrary.Domain", "Classlibrary.Domain\Classlibrary.Domain.csproj", "{86464640-F4E3-4079-9ABC-4699BEFB5F51}"
EndProject
Project("{9A19103F-16F7-4668-BE54-9A1E7A4F7556}") = "Classlibrary.Infrastructure", "Classlibrary.Infrastructure\Classlibrary.Infrastructure.csproj", "{18295279-6660-4BD6-9053-35E9AE4CA5F0}"
EndProject
Project("{9A19103F-16F7-4668-BE54-9A1E7A4F7556}") = "Classlibrary.Domain.Test", "Classlibrary.Domain.Test\Classlibrary.Domain.Test.csproj", "{166A29FA-270B-4A6E-B3BF-4F36245B5A38}"
EndProject
Project("{9A19103F-16F7-4668-BE54-9A1E7A4F7556}") = "Classlibrary.Dao.Linq2Db", "Classlibrary.Dao.Linq2Db\Classlibrary.Dao.Linq2Db.csproj", "{4C2253BC-AEF9-4434-A144-25E0EBC748F1}"
EndProject
Project("{9A19103F-16F7-4668-BE54-9A1E7A4F7556}") = "Classlibrary.Dao.Linq2Db.Test", "Classlibrary.Dao.Linq2Db.Test\Classlibrary.Dao.Linq2Db.Test.csproj", "{D0413279-6AC6-4539-8A32-85B973F56B85}"
EndProject
Project("{2150E333-8FDC-42A3-9474-1A3956D46DE8}") = "Presentation", "Presentation", "{F0C80FE9-45DB-4556-AB91-3A2926073516}"
EndProject
Project("{9A19103F-16F7-4668-BE54-9A1E7A4F7556}") = "Presentation.Angular", "Presentation.Angular\Presentation.Angular.csproj", "{7380A3BD-0C2B-4BCB-AFDC-AB513D3EEB3A}"
EndProject
Project("{9A19103F-16F7-4668-BE54-9A1E7A4F7556}") = "Presentation.Angular.Survey", "Presentation.Angular.Survey\Presentation.Angular.Survey.csproj", "{60901DF2-2564-43AD-B8E2-02178DBBF453}"
EndProject
Project("{9A19103F-16F7-4668-BE54-9A1E7A4F7556}") = "Presentation.Angular.Formly", "Presentation.Angular.Formly\Presentation.Angular.Formly.csproj", "{B0D52FA7-05B2-45FB-A190-E4C400A1E3F9}"
EndProject
Project("{FAE04EC0-301F-11D3-BF4B-00C04F79EFBC}") = "Presentation.Xamarin.Android", "Presentation.Xamarin\Presentation.Xamarin.Android\Presentation.Xamarin.Android.csproj", "{24CE3C36-16B9-426D-AA0C-5961ECF8D88C}"
EndProject
Project("{FAE04EC0-301F-11D3-BF4B-00C04F79EFBC}") = "Presentation.Xamarin.iOS", "Presentation.Xamarin\Presentation.Xamarin.iOS\Presentation.Xamarin.iOS.csproj", "{C768E2C1-9983-4B07-9BE8-2EC97BF76548}"
EndProject
Project("{9A19103F-16F7-4668-BE54-9A1E7A4F7556}") = "Presentation.Xamarin", "Presentation.Xamarin\Presentation.Xamarin\Presentation.Xamarin.csproj", "{774041AF-56ED-41CA-B95E-8BC7790BA979}"
EndProject
Project("{FAE04EC0-301F-11D3-BF4B-00C04F79EFBC}") = "Presentation.Wpf", "Presentation.Wpf\Presentation.Wpf.csproj", "{7B8B9019-60EB-4E9F-B5B9-D914E83FB23D}"
EndProject
Global
	GlobalSection(SolutionConfigurationPlatforms) = preSolution
		Debug|Any CPU = Debug|Any CPU
		Debug|iPhone = Debug|iPhone
		Debug|iPhoneSimulator = Debug|iPhoneSimulator
		Release|Any CPU = Release|Any CPU
		Release|iPhone = Release|iPhone
		Release|iPhoneSimulator = Release|iPhoneSimulator
	EndGlobalSection
	GlobalSection(ProjectConfigurationPlatforms) = postSolution
		{7982656B-7190-4300-A5D0-0198CDC601D9}.Debug|Any CPU.ActiveCfg = Debug|Any CPU
		{7982656B-7190-4300-A5D0-0198CDC601D9}.Debug|Any CPU.Build.0 = Debug|Any CPU
		{7982656B-7190-4300-A5D0-0198CDC601D9}.Debug|iPhone.ActiveCfg = Debug|Any CPU
		{7982656B-7190-4300-A5D0-0198CDC601D9}.Debug|iPhone.Build.0 = Debug|Any CPU
		{7982656B-7190-4300-A5D0-0198CDC601D9}.Debug|iPhoneSimulator.ActiveCfg = Debug|Any CPU
		{7982656B-7190-4300-A5D0-0198CDC601D9}.Debug|iPhoneSimulator.Build.0 = Debug|Any CPU
		{7982656B-7190-4300-A5D0-0198CDC601D9}.Release|Any CPU.ActiveCfg = Release|Any CPU
		{7982656B-7190-4300-A5D0-0198CDC601D9}.Release|Any CPU.Build.0 = Release|Any CPU
		{7982656B-7190-4300-A5D0-0198CDC601D9}.Release|iPhone.ActiveCfg = Release|Any CPU
		{7982656B-7190-4300-A5D0-0198CDC601D9}.Release|iPhone.Build.0 = Release|Any CPU
		{7982656B-7190-4300-A5D0-0198CDC601D9}.Release|iPhoneSimulator.ActiveCfg = Release|Any CPU
		{7982656B-7190-4300-A5D0-0198CDC601D9}.Release|iPhoneSimulator.Build.0 = Release|Any CPU
		{0D728911-8A96-42E3-BC4A-42322CDCEF89}.Debug|Any CPU.ActiveCfg = Debug|Any CPU
		{0D728911-8A96-42E3-BC4A-42322CDCEF89}.Debug|Any CPU.Build.0 = Debug|Any CPU
		{0D728911-8A96-42E3-BC4A-42322CDCEF89}.Debug|iPhone.ActiveCfg = Debug|Any CPU
		{0D728911-8A96-42E3-BC4A-42322CDCEF89}.Debug|iPhone.Build.0 = Debug|Any CPU
		{0D728911-8A96-42E3-BC4A-42322CDCEF89}.Debug|iPhoneSimulator.ActiveCfg = Debug|Any CPU
		{0D728911-8A96-42E3-BC4A-42322CDCEF89}.Debug|iPhoneSimulator.Build.0 = Debug|Any CPU
		{0D728911-8A96-42E3-BC4A-42322CDCEF89}.Release|Any CPU.ActiveCfg = Release|Any CPU
		{0D728911-8A96-42E3-BC4A-42322CDCEF89}.Release|Any CPU.Build.0 = Release|Any CPU
		{0D728911-8A96-42E3-BC4A-42322CDCEF89}.Release|iPhone.ActiveCfg = Release|Any CPU
		{0D728911-8A96-42E3-BC4A-42322CDCEF89}.Release|iPhone.Build.0 = Release|Any CPU
		{0D728911-8A96-42E3-BC4A-42322CDCEF89}.Release|iPhoneSimulator.ActiveCfg = Release|Any CPU
		{0D728911-8A96-42E3-BC4A-42322CDCEF89}.Release|iPhoneSimulator.Build.0 = Release|Any CPU
		{60C85202-43F0-45EC-A905-E8F5CBE49907}.Debug|Any CPU.ActiveCfg = Debug|Any CPU
		{60C85202-43F0-45EC-A905-E8F5CBE49907}.Debug|Any CPU.Build.0 = Debug|Any CPU
		{60C85202-43F0-45EC-A905-E8F5CBE49907}.Debug|iPhone.ActiveCfg = Debug|Any CPU
		{60C85202-43F0-45EC-A905-E8F5CBE49907}.Debug|iPhone.Build.0 = Debug|Any CPU
		{60C85202-43F0-45EC-A905-E8F5CBE49907}.Debug|iPhoneSimulator.ActiveCfg = Debug|Any CPU
		{60C85202-43F0-45EC-A905-E8F5CBE49907}.Debug|iPhoneSimulator.Build.0 = Debug|Any CPU
		{60C85202-43F0-45EC-A905-E8F5CBE49907}.Release|Any CPU.ActiveCfg = Release|Any CPU
		{60C85202-43F0-45EC-A905-E8F5CBE49907}.Release|Any CPU.Build.0 = Release|Any CPU
		{60C85202-43F0-45EC-A905-E8F5CBE49907}.Release|iPhone.ActiveCfg = Release|Any CPU
		{60C85202-43F0-45EC-A905-E8F5CBE49907}.Release|iPhone.Build.0 = Release|Any CPU
		{60C85202-43F0-45EC-A905-E8F5CBE49907}.Release|iPhoneSimulator.ActiveCfg = Release|Any CPU
		{60C85202-43F0-45EC-A905-E8F5CBE49907}.Release|iPhoneSimulator.Build.0 = Release|Any CPU
		{8343DCAF-D864-41CB-8920-04D7E2448798}.Debug|Any CPU.ActiveCfg = Debug|Any CPU
		{8343DCAF-D864-41CB-8920-04D7E2448798}.Debug|Any CPU.Build.0 = Debug|Any CPU
		{8343DCAF-D864-41CB-8920-04D7E2448798}.Debug|iPhone.ActiveCfg = Debug|Any CPU
		{8343DCAF-D864-41CB-8920-04D7E2448798}.Debug|iPhone.Build.0 = Debug|Any CPU
		{8343DCAF-D864-41CB-8920-04D7E2448798}.Debug|iPhoneSimulator.ActiveCfg = Debug|Any CPU
		{8343DCAF-D864-41CB-8920-04D7E2448798}.Debug|iPhoneSimulator.Build.0 = Debug|Any CPU
		{8343DCAF-D864-41CB-8920-04D7E2448798}.Release|Any CPU.ActiveCfg = Release|Any CPU
		{8343DCAF-D864-41CB-8920-04D7E2448798}.Release|Any CPU.Build.0 = Release|Any CPU
		{8343DCAF-D864-41CB-8920-04D7E2448798}.Release|iPhone.ActiveCfg = Release|Any CPU
		{8343DCAF-D864-41CB-8920-04D7E2448798}.Release|iPhone.Build.0 = Release|Any CPU
		{8343DCAF-D864-41CB-8920-04D7E2448798}.Release|iPhoneSimulator.ActiveCfg = Release|Any CPU
		{8343DCAF-D864-41CB-8920-04D7E2448798}.Release|iPhoneSimulator.Build.0 = Release|Any CPU
		{6E906958-C5FB-457E-8B1C-A275F3C47B13}.Debug|Any CPU.ActiveCfg = Debug|Any CPU
		{6E906958-C5FB-457E-8B1C-A275F3C47B13}.Debug|Any CPU.Build.0 = Debug|Any CPU
		{6E906958-C5FB-457E-8B1C-A275F3C47B13}.Debug|Any CPU.Deploy.0 = Debug|Any CPU
		{6E906958-C5FB-457E-8B1C-A275F3C47B13}.Debug|iPhone.ActiveCfg = Debug|Any CPU
		{6E906958-C5FB-457E-8B1C-A275F3C47B13}.Debug|iPhone.Build.0 = Debug|Any CPU
		{6E906958-C5FB-457E-8B1C-A275F3C47B13}.Debug|iPhone.Deploy.0 = Debug|Any CPU
		{6E906958-C5FB-457E-8B1C-A275F3C47B13}.Debug|iPhoneSimulator.ActiveCfg = Debug|Any CPU
		{6E906958-C5FB-457E-8B1C-A275F3C47B13}.Debug|iPhoneSimulator.Build.0 = Debug|Any CPU
		{6E906958-C5FB-457E-8B1C-A275F3C47B13}.Debug|iPhoneSimulator.Deploy.0 = Debug|Any CPU
		{6E906958-C5FB-457E-8B1C-A275F3C47B13}.Release|Any CPU.ActiveCfg = Release|Any CPU
		{6E906958-C5FB-457E-8B1C-A275F3C47B13}.Release|Any CPU.Build.0 = Release|Any CPU
		{6E906958-C5FB-457E-8B1C-A275F3C47B13}.Release|Any CPU.Deploy.0 = Release|Any CPU
		{6E906958-C5FB-457E-8B1C-A275F3C47B13}.Release|iPhone.ActiveCfg = Release|Any CPU
		{6E906958-C5FB-457E-8B1C-A275F3C47B13}.Release|iPhone.Build.0 = Release|Any CPU
		{6E906958-C5FB-457E-8B1C-A275F3C47B13}.Release|iPhone.Deploy.0 = Release|Any CPU
		{6E906958-C5FB-457E-8B1C-A275F3C47B13}.Release|iPhoneSimulator.ActiveCfg = Release|Any CPU
		{6E906958-C5FB-457E-8B1C-A275F3C47B13}.Release|iPhoneSimulator.Build.0 = Release|Any CPU
		{6E906958-C5FB-457E-8B1C-A275F3C47B13}.Release|iPhoneSimulator.Deploy.0 = Release|Any CPU
		{D4E3F0A6-41B6-4B1E-800D-927D1D27ECE7}.Debug|Any CPU.ActiveCfg = Debug|Any CPU
		{D4E3F0A6-41B6-4B1E-800D-927D1D27ECE7}.Debug|Any CPU.Build.0 = Debug|Any CPU
		{D4E3F0A6-41B6-4B1E-800D-927D1D27ECE7}.Debug|iPhone.ActiveCfg = Debug|Any CPU
		{D4E3F0A6-41B6-4B1E-800D-927D1D27ECE7}.Debug|iPhone.Build.0 = Debug|Any CPU
		{D4E3F0A6-41B6-4B1E-800D-927D1D27ECE7}.Debug|iPhoneSimulator.ActiveCfg = Debug|Any CPU
		{D4E3F0A6-41B6-4B1E-800D-927D1D27ECE7}.Debug|iPhoneSimulator.Build.0 = Debug|Any CPU
		{D4E3F0A6-41B6-4B1E-800D-927D1D27ECE7}.Release|Any CPU.ActiveCfg = Release|Any CPU
		{D4E3F0A6-41B6-4B1E-800D-927D1D27ECE7}.Release|Any CPU.Build.0 = Release|Any CPU
		{D4E3F0A6-41B6-4B1E-800D-927D1D27ECE7}.Release|iPhone.ActiveCfg = Release|Any CPU
		{D4E3F0A6-41B6-4B1E-800D-927D1D27ECE7}.Release|iPhone.Build.0 = Release|Any CPU
		{D4E3F0A6-41B6-4B1E-800D-927D1D27ECE7}.Release|iPhoneSimulator.ActiveCfg = Release|Any CPU
		{D4E3F0A6-41B6-4B1E-800D-927D1D27ECE7}.Release|iPhoneSimulator.Build.0 = Release|Any CPU
		{F858473C-A28E-4D9D-B7BE-007D3231CCB1}.Debug|Any CPU.ActiveCfg = Debug|Any CPU
		{F858473C-A28E-4D9D-B7BE-007D3231CCB1}.Debug|Any CPU.Build.0 = Debug|Any CPU
		{F858473C-A28E-4D9D-B7BE-007D3231CCB1}.Debug|iPhone.ActiveCfg = Debug|Any CPU
		{F858473C-A28E-4D9D-B7BE-007D3231CCB1}.Debug|iPhone.Build.0 = Debug|Any CPU
		{F858473C-A28E-4D9D-B7BE-007D3231CCB1}.Debug|iPhoneSimulator.ActiveCfg = Debug|Any CPU
		{F858473C-A28E-4D9D-B7BE-007D3231CCB1}.Debug|iPhoneSimulator.Build.0 = Debug|Any CPU
		{F858473C-A28E-4D9D-B7BE-007D3231CCB1}.Release|Any CPU.ActiveCfg = Release|Any CPU
		{F858473C-A28E-4D9D-B7BE-007D3231CCB1}.Release|Any CPU.Build.0 = Release|Any CPU
		{F858473C-A28E-4D9D-B7BE-007D3231CCB1}.Release|iPhone.ActiveCfg = Release|Any CPU
		{F858473C-A28E-4D9D-B7BE-007D3231CCB1}.Release|iPhone.Build.0 = Release|Any CPU
		{F858473C-A28E-4D9D-B7BE-007D3231CCB1}.Release|iPhoneSimulator.ActiveCfg = Release|Any CPU
		{F858473C-A28E-4D9D-B7BE-007D3231CCB1}.Release|iPhoneSimulator.Build.0 = Release|Any CPU
		{E3A6C6CB-A548-4D61-98A3-26F3F9BE9408}.Debug|Any CPU.ActiveCfg = Debug|Any CPU
		{E3A6C6CB-A548-4D61-98A3-26F3F9BE9408}.Debug|Any CPU.Build.0 = Debug|Any CPU
		{E3A6C6CB-A548-4D61-98A3-26F3F9BE9408}.Debug|iPhone.ActiveCfg = Debug|Any CPU
		{E3A6C6CB-A548-4D61-98A3-26F3F9BE9408}.Debug|iPhone.Build.0 = Debug|Any CPU
		{E3A6C6CB-A548-4D61-98A3-26F3F9BE9408}.Debug|iPhoneSimulator.ActiveCfg = Debug|Any CPU
		{E3A6C6CB-A548-4D61-98A3-26F3F9BE9408}.Debug|iPhoneSimulator.Build.0 = Debug|Any CPU
		{E3A6C6CB-A548-4D61-98A3-26F3F9BE9408}.Release|Any CPU.ActiveCfg = Release|Any CPU
		{E3A6C6CB-A548-4D61-98A3-26F3F9BE9408}.Release|Any CPU.Build.0 = Release|Any CPU
		{E3A6C6CB-A548-4D61-98A3-26F3F9BE9408}.Release|iPhone.ActiveCfg = Release|Any CPU
		{E3A6C6CB-A548-4D61-98A3-26F3F9BE9408}.Release|iPhone.Build.0 = Release|Any CPU
		{E3A6C6CB-A548-4D61-98A3-26F3F9BE9408}.Release|iPhoneSimulator.ActiveCfg = Release|Any CPU
		{E3A6C6CB-A548-4D61-98A3-26F3F9BE9408}.Release|iPhoneSimulator.Build.0 = Release|Any CPU
		{86464640-F4E3-4079-9ABC-4699BEFB5F51}.Debug|Any CPU.ActiveCfg = Debug|Any CPU
		{86464640-F4E3-4079-9ABC-4699BEFB5F51}.Debug|Any CPU.Build.0 = Debug|Any CPU
		{86464640-F4E3-4079-9ABC-4699BEFB5F51}.Debug|iPhone.ActiveCfg = Debug|Any CPU
		{86464640-F4E3-4079-9ABC-4699BEFB5F51}.Debug|iPhone.Build.0 = Debug|Any CPU
		{86464640-F4E3-4079-9ABC-4699BEFB5F51}.Debug|iPhoneSimulator.ActiveCfg = Debug|Any CPU
		{86464640-F4E3-4079-9ABC-4699BEFB5F51}.Debug|iPhoneSimulator.Build.0 = Debug|Any CPU
		{86464640-F4E3-4079-9ABC-4699BEFB5F51}.Release|Any CPU.ActiveCfg = Release|Any CPU
		{86464640-F4E3-4079-9ABC-4699BEFB5F51}.Release|Any CPU.Build.0 = Release|Any CPU
		{86464640-F4E3-4079-9ABC-4699BEFB5F51}.Release|iPhone.ActiveCfg = Release|Any CPU
		{86464640-F4E3-4079-9ABC-4699BEFB5F51}.Release|iPhone.Build.0 = Release|Any CPU
		{86464640-F4E3-4079-9ABC-4699BEFB5F51}.Release|iPhoneSimulator.ActiveCfg = Release|Any CPU
		{86464640-F4E3-4079-9ABC-4699BEFB5F51}.Release|iPhoneSimulator.Build.0 = Release|Any CPU
		{18295279-6660-4BD6-9053-35E9AE4CA5F0}.Debug|Any CPU.ActiveCfg = Debug|Any CPU
		{18295279-6660-4BD6-9053-35E9AE4CA5F0}.Debug|Any CPU.Build.0 = Debug|Any CPU
		{18295279-6660-4BD6-9053-35E9AE4CA5F0}.Debug|iPhone.ActiveCfg = Debug|Any CPU
		{18295279-6660-4BD6-9053-35E9AE4CA5F0}.Debug|iPhone.Build.0 = Debug|Any CPU
		{18295279-6660-4BD6-9053-35E9AE4CA5F0}.Debug|iPhoneSimulator.ActiveCfg = Debug|Any CPU
		{18295279-6660-4BD6-9053-35E9AE4CA5F0}.Debug|iPhoneSimulator.Build.0 = Debug|Any CPU
		{18295279-6660-4BD6-9053-35E9AE4CA5F0}.Release|Any CPU.ActiveCfg = Release|Any CPU
		{18295279-6660-4BD6-9053-35E9AE4CA5F0}.Release|Any CPU.Build.0 = Release|Any CPU
		{18295279-6660-4BD6-9053-35E9AE4CA5F0}.Release|iPhone.ActiveCfg = Release|Any CPU
		{18295279-6660-4BD6-9053-35E9AE4CA5F0}.Release|iPhone.Build.0 = Release|Any CPU
		{18295279-6660-4BD6-9053-35E9AE4CA5F0}.Release|iPhoneSimulator.ActiveCfg = Release|Any CPU
		{18295279-6660-4BD6-9053-35E9AE4CA5F0}.Release|iPhoneSimulator.Build.0 = Release|Any CPU
		{166A29FA-270B-4A6E-B3BF-4F36245B5A38}.Debug|Any CPU.ActiveCfg = Debug|Any CPU
		{166A29FA-270B-4A6E-B3BF-4F36245B5A38}.Debug|Any CPU.Build.0 = Debug|Any CPU
		{166A29FA-270B-4A6E-B3BF-4F36245B5A38}.Debug|iPhone.ActiveCfg = Debug|Any CPU
		{166A29FA-270B-4A6E-B3BF-4F36245B5A38}.Debug|iPhone.Build.0 = Debug|Any CPU
		{166A29FA-270B-4A6E-B3BF-4F36245B5A38}.Debug|iPhoneSimulator.ActiveCfg = Debug|Any CPU
		{166A29FA-270B-4A6E-B3BF-4F36245B5A38}.Debug|iPhoneSimulator.Build.0 = Debug|Any CPU
		{166A29FA-270B-4A6E-B3BF-4F36245B5A38}.Release|Any CPU.ActiveCfg = Release|Any CPU
		{166A29FA-270B-4A6E-B3BF-4F36245B5A38}.Release|Any CPU.Build.0 = Release|Any CPU
		{166A29FA-270B-4A6E-B3BF-4F36245B5A38}.Release|iPhone.ActiveCfg = Release|Any CPU
		{166A29FA-270B-4A6E-B3BF-4F36245B5A38}.Release|iPhone.Build.0 = Release|Any CPU
		{166A29FA-270B-4A6E-B3BF-4F36245B5A38}.Release|iPhoneSimulator.ActiveCfg = Release|Any CPU
		{166A29FA-270B-4A6E-B3BF-4F36245B5A38}.Release|iPhoneSimulator.Build.0 = Release|Any CPU
		{4C2253BC-AEF9-4434-A144-25E0EBC748F1}.Debug|Any CPU.ActiveCfg = Debug|Any CPU
		{4C2253BC-AEF9-4434-A144-25E0EBC748F1}.Debug|Any CPU.Build.0 = Debug|Any CPU
		{4C2253BC-AEF9-4434-A144-25E0EBC748F1}.Debug|iPhone.ActiveCfg = Debug|Any CPU
		{4C2253BC-AEF9-4434-A144-25E0EBC748F1}.Debug|iPhone.Build.0 = Debug|Any CPU
		{4C2253BC-AEF9-4434-A144-25E0EBC748F1}.Debug|iPhoneSimulator.ActiveCfg = Debug|Any CPU
		{4C2253BC-AEF9-4434-A144-25E0EBC748F1}.Debug|iPhoneSimulator.Build.0 = Debug|Any CPU
		{4C2253BC-AEF9-4434-A144-25E0EBC748F1}.Release|Any CPU.ActiveCfg = Release|Any CPU
		{4C2253BC-AEF9-4434-A144-25E0EBC748F1}.Release|Any CPU.Build.0 = Release|Any CPU
		{4C2253BC-AEF9-4434-A144-25E0EBC748F1}.Release|iPhone.ActiveCfg = Release|Any CPU
		{4C2253BC-AEF9-4434-A144-25E0EBC748F1}.Release|iPhone.Build.0 = Release|Any CPU
		{4C2253BC-AEF9-4434-A144-25E0EBC748F1}.Release|iPhoneSimulator.ActiveCfg = Release|Any CPU
		{4C2253BC-AEF9-4434-A144-25E0EBC748F1}.Release|iPhoneSimulator.Build.0 = Release|Any CPU
		{D0413279-6AC6-4539-8A32-85B973F56B85}.Debug|Any CPU.ActiveCfg = Debug|Any CPU
		{D0413279-6AC6-4539-8A32-85B973F56B85}.Debug|Any CPU.Build.0 = Debug|Any CPU
		{D0413279-6AC6-4539-8A32-85B973F56B85}.Debug|iPhone.ActiveCfg = Debug|Any CPU
		{D0413279-6AC6-4539-8A32-85B973F56B85}.Debug|iPhone.Build.0 = Debug|Any CPU
		{D0413279-6AC6-4539-8A32-85B973F56B85}.Debug|iPhoneSimulator.ActiveCfg = Debug|Any CPU
		{D0413279-6AC6-4539-8A32-85B973F56B85}.Debug|iPhoneSimulator.Build.0 = Debug|Any CPU
		{D0413279-6AC6-4539-8A32-85B973F56B85}.Release|Any CPU.ActiveCfg = Release|Any CPU
		{D0413279-6AC6-4539-8A32-85B973F56B85}.Release|Any CPU.Build.0 = Release|Any CPU
		{D0413279-6AC6-4539-8A32-85B973F56B85}.Release|iPhone.ActiveCfg = Release|Any CPU
		{D0413279-6AC6-4539-8A32-85B973F56B85}.Release|iPhone.Build.0 = Release|Any CPU
		{D0413279-6AC6-4539-8A32-85B973F56B85}.Release|iPhoneSimulator.ActiveCfg = Release|Any CPU
		{D0413279-6AC6-4539-8A32-85B973F56B85}.Release|iPhoneSimulator.Build.0 = Release|Any CPU
		{7380A3BD-0C2B-4BCB-AFDC-AB513D3EEB3A}.Debug|Any CPU.ActiveCfg = Debug|Any CPU
		{7380A3BD-0C2B-4BCB-AFDC-AB513D3EEB3A}.Debug|Any CPU.Build.0 = Debug|Any CPU
		{7380A3BD-0C2B-4BCB-AFDC-AB513D3EEB3A}.Debug|iPhone.ActiveCfg = Debug|Any CPU
		{7380A3BD-0C2B-4BCB-AFDC-AB513D3EEB3A}.Debug|iPhone.Build.0 = Debug|Any CPU
		{7380A3BD-0C2B-4BCB-AFDC-AB513D3EEB3A}.Debug|iPhoneSimulator.ActiveCfg = Debug|Any CPU
		{7380A3BD-0C2B-4BCB-AFDC-AB513D3EEB3A}.Debug|iPhoneSimulator.Build.0 = Debug|Any CPU
		{7380A3BD-0C2B-4BCB-AFDC-AB513D3EEB3A}.Release|Any CPU.ActiveCfg = Release|Any CPU
		{7380A3BD-0C2B-4BCB-AFDC-AB513D3EEB3A}.Release|Any CPU.Build.0 = Release|Any CPU
		{7380A3BD-0C2B-4BCB-AFDC-AB513D3EEB3A}.Release|iPhone.ActiveCfg = Release|Any CPU
		{7380A3BD-0C2B-4BCB-AFDC-AB513D3EEB3A}.Release|iPhone.Build.0 = Release|Any CPU
		{7380A3BD-0C2B-4BCB-AFDC-AB513D3EEB3A}.Release|iPhoneSimulator.ActiveCfg = Release|Any CPU
		{7380A3BD-0C2B-4BCB-AFDC-AB513D3EEB3A}.Release|iPhoneSimulator.Build.0 = Release|Any CPU
		{60901DF2-2564-43AD-B8E2-02178DBBF453}.Debug|Any CPU.ActiveCfg = Debug|Any CPU
		{60901DF2-2564-43AD-B8E2-02178DBBF453}.Debug|Any CPU.Build.0 = Debug|Any CPU
		{60901DF2-2564-43AD-B8E2-02178DBBF453}.Debug|iPhone.ActiveCfg = Debug|Any CPU
		{60901DF2-2564-43AD-B8E2-02178DBBF453}.Debug|iPhone.Build.0 = Debug|Any CPU
		{60901DF2-2564-43AD-B8E2-02178DBBF453}.Debug|iPhoneSimulator.ActiveCfg = Debug|Any CPU
		{60901DF2-2564-43AD-B8E2-02178DBBF453}.Debug|iPhoneSimulator.Build.0 = Debug|Any CPU
		{60901DF2-2564-43AD-B8E2-02178DBBF453}.Release|Any CPU.ActiveCfg = Release|Any CPU
		{60901DF2-2564-43AD-B8E2-02178DBBF453}.Release|Any CPU.Build.0 = Release|Any CPU
		{60901DF2-2564-43AD-B8E2-02178DBBF453}.Release|iPhone.ActiveCfg = Release|Any CPU
		{60901DF2-2564-43AD-B8E2-02178DBBF453}.Release|iPhone.Build.0 = Release|Any CPU
		{60901DF2-2564-43AD-B8E2-02178DBBF453}.Release|iPhoneSimulator.ActiveCfg = Release|Any CPU
		{60901DF2-2564-43AD-B8E2-02178DBBF453}.Release|iPhoneSimulator.Build.0 = Release|Any CPU
		{B0D52FA7-05B2-45FB-A190-E4C400A1E3F9}.Debug|Any CPU.ActiveCfg = Debug|Any CPU
		{B0D52FA7-05B2-45FB-A190-E4C400A1E3F9}.Debug|Any CPU.Build.0 = Debug|Any CPU
		{B0D52FA7-05B2-45FB-A190-E4C400A1E3F9}.Debug|iPhone.ActiveCfg = Debug|Any CPU
		{B0D52FA7-05B2-45FB-A190-E4C400A1E3F9}.Debug|iPhone.Build.0 = Debug|Any CPU
		{B0D52FA7-05B2-45FB-A190-E4C400A1E3F9}.Debug|iPhoneSimulator.ActiveCfg = Debug|Any CPU
		{B0D52FA7-05B2-45FB-A190-E4C400A1E3F9}.Debug|iPhoneSimulator.Build.0 = Debug|Any CPU
		{B0D52FA7-05B2-45FB-A190-E4C400A1E3F9}.Release|Any CPU.ActiveCfg = Release|Any CPU
		{B0D52FA7-05B2-45FB-A190-E4C400A1E3F9}.Release|Any CPU.Build.0 = Release|Any CPU
		{B0D52FA7-05B2-45FB-A190-E4C400A1E3F9}.Release|iPhone.ActiveCfg = Release|Any CPU
		{B0D52FA7-05B2-45FB-A190-E4C400A1E3F9}.Release|iPhone.Build.0 = Release|Any CPU
		{B0D52FA7-05B2-45FB-A190-E4C400A1E3F9}.Release|iPhoneSimulator.ActiveCfg = Release|Any CPU
		{B0D52FA7-05B2-45FB-A190-E4C400A1E3F9}.Release|iPhoneSimulator.Build.0 = Release|Any CPU
		{24CE3C36-16B9-426D-AA0C-5961ECF8D88C}.Debug|Any CPU.ActiveCfg = Debug|Any CPU
		{24CE3C36-16B9-426D-AA0C-5961ECF8D88C}.Debug|Any CPU.Build.0 = Debug|Any CPU
		{24CE3C36-16B9-426D-AA0C-5961ECF8D88C}.Debug|Any CPU.Deploy.0 = Debug|Any CPU
		{24CE3C36-16B9-426D-AA0C-5961ECF8D88C}.Debug|iPhone.ActiveCfg = Debug|Any CPU
		{24CE3C36-16B9-426D-AA0C-5961ECF8D88C}.Debug|iPhone.Build.0 = Debug|Any CPU
		{24CE3C36-16B9-426D-AA0C-5961ECF8D88C}.Debug|iPhone.Deploy.0 = Debug|Any CPU
		{24CE3C36-16B9-426D-AA0C-5961ECF8D88C}.Debug|iPhoneSimulator.ActiveCfg = Debug|Any CPU
		{24CE3C36-16B9-426D-AA0C-5961ECF8D88C}.Debug|iPhoneSimulator.Build.0 = Debug|Any CPU
		{24CE3C36-16B9-426D-AA0C-5961ECF8D88C}.Debug|iPhoneSimulator.Deploy.0 = Debug|Any CPU
		{24CE3C36-16B9-426D-AA0C-5961ECF8D88C}.Release|Any CPU.ActiveCfg = Release|Any CPU
		{24CE3C36-16B9-426D-AA0C-5961ECF8D88C}.Release|Any CPU.Build.0 = Release|Any CPU
		{24CE3C36-16B9-426D-AA0C-5961ECF8D88C}.Release|Any CPU.Deploy.0 = Release|Any CPU
		{24CE3C36-16B9-426D-AA0C-5961ECF8D88C}.Release|iPhone.ActiveCfg = Release|Any CPU
		{24CE3C36-16B9-426D-AA0C-5961ECF8D88C}.Release|iPhone.Build.0 = Release|Any CPU
		{24CE3C36-16B9-426D-AA0C-5961ECF8D88C}.Release|iPhone.Deploy.0 = Release|Any CPU
		{24CE3C36-16B9-426D-AA0C-5961ECF8D88C}.Release|iPhoneSimulator.ActiveCfg = Release|Any CPU
		{24CE3C36-16B9-426D-AA0C-5961ECF8D88C}.Release|iPhoneSimulator.Build.0 = Release|Any CPU
		{24CE3C36-16B9-426D-AA0C-5961ECF8D88C}.Release|iPhoneSimulator.Deploy.0 = Release|Any CPU
		{C768E2C1-9983-4B07-9BE8-2EC97BF76548}.Debug|Any CPU.ActiveCfg = Debug|iPhone
		{C768E2C1-9983-4B07-9BE8-2EC97BF76548}.Debug|iPhone.ActiveCfg = Debug|iPhone
		{C768E2C1-9983-4B07-9BE8-2EC97BF76548}.Debug|iPhone.Build.0 = Debug|iPhone
		{C768E2C1-9983-4B07-9BE8-2EC97BF76548}.Debug|iPhoneSimulator.ActiveCfg = Debug|iPhoneSimulator
		{C768E2C1-9983-4B07-9BE8-2EC97BF76548}.Debug|iPhoneSimulator.Build.0 = Debug|iPhoneSimulator
		{C768E2C1-9983-4B07-9BE8-2EC97BF76548}.Release|Any CPU.ActiveCfg = Release|iPhone
		{C768E2C1-9983-4B07-9BE8-2EC97BF76548}.Release|iPhone.ActiveCfg = Release|iPhone
		{C768E2C1-9983-4B07-9BE8-2EC97BF76548}.Release|iPhone.Build.0 = Release|iPhone
		{C768E2C1-9983-4B07-9BE8-2EC97BF76548}.Release|iPhoneSimulator.ActiveCfg = Release|iPhoneSimulator
		{C768E2C1-9983-4B07-9BE8-2EC97BF76548}.Release|iPhoneSimulator.Build.0 = Release|iPhoneSimulator
		{774041AF-56ED-41CA-B95E-8BC7790BA979}.Debug|Any CPU.ActiveCfg = Debug|Any CPU
		{774041AF-56ED-41CA-B95E-8BC7790BA979}.Debug|Any CPU.Build.0 = Debug|Any CPU
		{774041AF-56ED-41CA-B95E-8BC7790BA979}.Debug|iPhone.ActiveCfg = Debug|Any CPU
		{774041AF-56ED-41CA-B95E-8BC7790BA979}.Debug|iPhone.Build.0 = Debug|Any CPU
		{774041AF-56ED-41CA-B95E-8BC7790BA979}.Debug|iPhoneSimulator.ActiveCfg = Debug|Any CPU
		{774041AF-56ED-41CA-B95E-8BC7790BA979}.Debug|iPhoneSimulator.Build.0 = Debug|Any CPU
		{774041AF-56ED-41CA-B95E-8BC7790BA979}.Release|Any CPU.ActiveCfg = Release|Any CPU
		{774041AF-56ED-41CA-B95E-8BC7790BA979}.Release|Any CPU.Build.0 = Release|Any CPU
		{774041AF-56ED-41CA-B95E-8BC7790BA979}.Release|iPhone.ActiveCfg = Release|Any CPU
		{774041AF-56ED-41CA-B95E-8BC7790BA979}.Release|iPhone.Build.0 = Release|Any CPU
		{774041AF-56ED-41CA-B95E-8BC7790BA979}.Release|iPhoneSimulator.ActiveCfg = Release|Any CPU
		{774041AF-56ED-41CA-B95E-8BC7790BA979}.Release|iPhoneSimulator.Build.0 = Release|Any CPU
		{7B8B9019-60EB-4E9F-B5B9-D914E83FB23D}.Debug|Any CPU.ActiveCfg = Debug|Any CPU
		{7B8B9019-60EB-4E9F-B5B9-D914E83FB23D}.Debug|Any CPU.Build.0 = Debug|Any CPU
		{7B8B9019-60EB-4E9F-B5B9-D914E83FB23D}.Debug|iPhone.ActiveCfg = Debug|Any CPU
		{7B8B9019-60EB-4E9F-B5B9-D914E83FB23D}.Debug|iPhone.Build.0 = Debug|Any CPU
		{7B8B9019-60EB-4E9F-B5B9-D914E83FB23D}.Debug|iPhoneSimulator.ActiveCfg = Debug|Any CPU
		{7B8B9019-60EB-4E9F-B5B9-D914E83FB23D}.Debug|iPhoneSimulator.Build.0 = Debug|Any CPU
		{7B8B9019-60EB-4E9F-B5B9-D914E83FB23D}.Release|Any CPU.ActiveCfg = Release|Any CPU
		{7B8B9019-60EB-4E9F-B5B9-D914E83FB23D}.Release|Any CPU.Build.0 = Release|Any CPU
		{7B8B9019-60EB-4E9F-B5B9-D914E83FB23D}.Release|iPhone.ActiveCfg = Release|Any CPU
		{7B8B9019-60EB-4E9F-B5B9-D914E83FB23D}.Release|iPhone.Build.0 = Release|Any CPU
		{7B8B9019-60EB-4E9F-B5B9-D914E83FB23D}.Release|iPhoneSimulator.ActiveCfg = Release|Any CPU
		{7B8B9019-60EB-4E9F-B5B9-D914E83FB23D}.Release|iPhoneSimulator.Build.0 = Release|Any CPU
	EndGlobalSection
	GlobalSection(SolutionProperties) = preSolution
		HideSolutionNode = FALSE
	EndGlobalSection
	GlobalSection(NestedProjects) = preSolution
		{7982656B-7190-4300-A5D0-0198CDC601D9} = {7335EC5F-B57E-4765-9ED6-7B8610BA2FF0}
		{0D728911-8A96-42E3-BC4A-42322CDCEF89} = {7335EC5F-B57E-4765-9ED6-7B8610BA2FF0}
		{60C85202-43F0-45EC-A905-E8F5CBE49907} = {7335EC5F-B57E-4765-9ED6-7B8610BA2FF0}
		{8343DCAF-D864-41CB-8920-04D7E2448798} = {7335EC5F-B57E-4765-9ED6-7B8610BA2FF0}
		{6E906958-C5FB-457E-8B1C-A275F3C47B13} = {E468E4E3-4871-40EB-A167-6CF2E51E87C2}
		{D4E3F0A6-41B6-4B1E-800D-927D1D27ECE7} = {C0719322-096A-4C4E-BEB6-17177051A32A}
		{F858473C-A28E-4D9D-B7BE-007D3231CCB1} = {C0719322-096A-4C4E-BEB6-17177051A32A}
		{E3A6C6CB-A548-4D61-98A3-26F3F9BE9408} = {C0719322-096A-4C4E-BEB6-17177051A32A}
		{86464640-F4E3-4079-9ABC-4699BEFB5F51} = {C0719322-096A-4C4E-BEB6-17177051A32A}
		{18295279-6660-4BD6-9053-35E9AE4CA5F0} = {C0719322-096A-4C4E-BEB6-17177051A32A}
		{166A29FA-270B-4A6E-B3BF-4F36245B5A38} = {C0719322-096A-4C4E-BEB6-17177051A32A}
		{4C2253BC-AEF9-4434-A144-25E0EBC748F1} = {C0719322-096A-4C4E-BEB6-17177051A32A}
		{D0413279-6AC6-4539-8A32-85B973F56B85} = {C0719322-096A-4C4E-BEB6-17177051A32A}
		{7380A3BD-0C2B-4BCB-AFDC-AB513D3EEB3A} = {F0C80FE9-45DB-4556-AB91-3A2926073516}
		{60901DF2-2564-43AD-B8E2-02178DBBF453} = {F0C80FE9-45DB-4556-AB91-3A2926073516}
		{B0D52FA7-05B2-45FB-A190-E4C400A1E3F9} = {F0C80FE9-45DB-4556-AB91-3A2926073516}
		{24CE3C36-16B9-426D-AA0C-5961ECF8D88C} = {F0C80FE9-45DB-4556-AB91-3A2926073516}
		{C768E2C1-9983-4B07-9BE8-2EC97BF76548} = {F0C80FE9-45DB-4556-AB91-3A2926073516}
		{774041AF-56ED-41CA-B95E-8BC7790BA979} = {F0C80FE9-45DB-4556-AB91-3A2926073516}
		{7B8B9019-60EB-4E9F-B5B9-D914E83FB23D} = {F0C80FE9-45DB-4556-AB91-3A2926073516}
	EndGlobalSection
	GlobalSection(ExtensibilityGlobals) = postSolution
		SolutionGuid = {E38A8C08-877B-4F5D-8FC1-47DDF9E95AE9}
	EndGlobalSection
EndGlobal
